
Microsoft Visual Studio Solution File, Format Version 12.00
# Visual Studio Version 16
VisualStudioVersion = 16.0.30011.22
MinimumVisualStudioVersion = 10.0.40219.1
Project("{FAE04EC0-301F-11D3-BF4B-00C04F79EFBC}") = "StudyCESI.Web", "StudyCESI.Web\StudyCESI.Web.csproj", "{96E9C71E-C8DD-4C1A-BE4B-C76C43519FC5}"
EndProject
Project("{FAE04EC0-301F-11D3-BF4B-00C04F79EFBC}") = "StudyCESI.UnitTests", "StudyCESI.UnitTests\StudyCESI.UnitTests.csproj", "{3BA6AFFD-6F47-4410-A385-1DF67BA8AFBF}"
EndProject
Project("{FAE04EC0-301F-11D3-BF4B-00C04F79EFBC}") = "StudyCESI.Model", "StudyCESI.Model\StudyCESI.Model.csproj", "{CC6CB55A-8CBA-4542-A3C1-598977CBD7F0}"
EndProject
Global
	GlobalSection(SolutionConfigurationPlatforms) = preSolution
		Debug|Any CPU = Debug|Any CPU
		Release|Any CPU = Release|Any CPU
	EndGlobalSection
	GlobalSection(ProjectConfigurationPlatforms) = postSolution
		{96E9C71E-C8DD-4C1A-BE4B-C76C43519FC5}.Debug|Any CPU.ActiveCfg = Debug|Any CPU
		{96E9C71E-C8DD-4C1A-BE4B-C76C43519FC5}.Debug|Any CPU.Build.0 = Debug|Any CPU
		{96E9C71E-C8DD-4C1A-BE4B-C76C43519FC5}.Release|Any CPU.ActiveCfg = Release|Any CPU
		{96E9C71E-C8DD-4C1A-BE4B-C76C43519FC5}.Release|Any CPU.Build.0 = Release|Any CPU
		{3BA6AFFD-6F47-4410-A385-1DF67BA8AFBF}.Debug|Any CPU.ActiveCfg = Debug|Any CPU
		{3BA6AFFD-6F47-4410-A385-1DF67BA8AFBF}.Debug|Any CPU.Build.0 = Debug|Any CPU
		{3BA6AFFD-6F47-4410-A385-1DF67BA8AFBF}.Release|Any CPU.ActiveCfg = Release|Any CPU
		{3BA6AFFD-6F47-4410-A385-1DF67BA8AFBF}.Release|Any CPU.Build.0 = Release|Any CPU
		{CC6CB55A-8CBA-4542-A3C1-598977CBD7F0}.Debug|Any CPU.ActiveCfg = Debug|Any CPU
		{CC6CB55A-8CBA-4542-A3C1-598977CBD7F0}.Debug|Any CPU.Build.0 = Debug|Any CPU
		{CC6CB55A-8CBA-4542-A3C1-598977CBD7F0}.Release|Any CPU.ActiveCfg = Release|Any CPU
		{CC6CB55A-8CBA-4542-A3C1-598977CBD7F0}.Release|Any CPU.Build.0 = Release|Any CPU
	EndGlobalSection
	GlobalSection(SolutionProperties) = preSolution
		HideSolutionNode = FALSE
	EndGlobalSection
	GlobalSection(ExtensibilityGlobals) = postSolution
		SolutionGuid = {6547725D-BD40-4201-940A-ED93DD511681}
	EndGlobalSection
EndGlobal
